
Microsoft Visual Studio Solution File, Format Version 12.00
# Visual Studio Version 17
VisualStudioVersion = 17.7.34031.279
MinimumVisualStudioVersion = 10.0.40219.1
Project("{FAE04EC0-301F-11D3-BF4B-00C04F79EFBC}") = "3KT", "3KT\3KT.csproj", "{2B993EDB-36B8-4910-9887-D89254A99FCF}"
EndProject
Global
	GlobalSection(SolutionConfigurationPlatforms) = preSolution
		Debug|Any CPU = Debug|Any CPU
		Release|Any CPU = Release|Any CPU
	EndGlobalSection
	GlobalSection(ProjectConfigurationPlatforms) = postSolution
		{2B993EDB-36B8-4910-9887-D89254A99FCF}.Debug|Any CPU.ActiveCfg = Debug|Any CPU
		{2B993EDB-36B8-4910-9887-D89254A99FCF}.Debug|Any CPU.Build.0 = Debug|Any CPU
		{2B993EDB-36B8-4910-9887-D89254A99FCF}.Release|Any CPU.ActiveCfg = Release|Any CPU
		{2B993EDB-36B8-4910-9887-D89254A99FCF}.Release|Any CPU.Build.0 = Release|Any CPU
	EndGlobalSection
	GlobalSection(SolutionProperties) = preSolution
		HideSolutionNode = FALSE
	EndGlobalSection
	GlobalSection(ExtensibilityGlobals) = postSolution
		SolutionGuid = {C9524C72-2668-4138-8DDF-608EBCC3BA38}
	EndGlobalSection
EndGlobal
